{
  "name": "lingjing-mcp",
  "version": "3.0.0",
  "lockfileVersion": 3,
  "requires": true,
  "packages": {
    "": {
      "name": "lingjing-mcp",
      "version": "3.0.0",
      "license": "MIT",
      "dependencies": {
        "lingshu-solver": "^1.0.2"
      },
      "bin": {
        "lingjing-mcp": "lingjing-mcp.js"
      },
      "engines": {
        "node": ">=18"
      }
    },
    "node_modules/lingshu-solver": {
      "version": "1.0.2",
      "resolved": "https://registry.npmjs.org/lingshu-solver/-/lingshu-solver-1.0.2.tgz",
      "integrity": "sha512-Ehlnn9dJ0m7Wnx+Jn145ONu0G5DvRQMNftFGoJS98KU54jxsMyX8w3UEQ36k6Jdx05QJg3qb9uGY7iCPRxscwA==",
      "license": "Apache-2.0",
      "bin": {
        "lingshu-solver": "mcp-server.js"
      },
      "engines": {
        "node": ">=18"
      }
    }
  }
}
